
Microsoft Visual Studio Solution File, Format Version 12.00
# Visual Studio Version 16
VisualStudioVersion = 16.0.31402.337
MinimumVisualStudioVersion = 10.0.40219.1
Project("{9A19103F-16F7-4668-BE54-9A1E7A4F7556}") = "JogoDosNumeros", "JogoDosNumeros\JogoDosNumeros.csproj", "{E131A2A0-FE49-4E4C-8E27-6CA43603F8FA}"
EndProject
Project("{9A19103F-16F7-4668-BE54-9A1E7A4F7556}") = "JogoDosNumeros.Tests", "JogoDosNumeros.Tests\JogoDosNumeros.Tests.csproj", "{FFE924C2-7803-429A-A1DC-420D9B11B9FC}"
EndProject
Global
	GlobalSection(SolutionConfigurationPlatforms) = preSolution
		Debug|Any CPU = Debug|Any CPU
		Release|Any CPU = Release|Any CPU
	EndGlobalSection
	GlobalSection(ProjectConfigurationPlatforms) = postSolution
		{E131A2A0-FE49-4E4C-8E27-6CA43603F8FA}.Debug|Any CPU.ActiveCfg = Debug|Any CPU
		{E131A2A0-FE49-4E4C-8E27-6CA43603F8FA}.Debug|Any CPU.Build.0 = Debug|Any CPU
		{E131A2A0-FE49-4E4C-8E27-6CA43603F8FA}.Release|Any CPU.ActiveCfg = Release|Any CPU
		{E131A2A0-FE49-4E4C-8E27-6CA43603F8FA}.Release|Any CPU.Build.0 = Release|Any CPU
		{FFE924C2-7803-429A-A1DC-420D9B11B9FC}.Debug|Any CPU.ActiveCfg = Debug|Any CPU
		{FFE924C2-7803-429A-A1DC-420D9B11B9FC}.Debug|Any CPU.Build.0 = Debug|Any CPU
		{FFE924C2-7803-429A-A1DC-420D9B11B9FC}.Release|Any CPU.ActiveCfg = Release|Any CPU
		{FFE924C2-7803-429A-A1DC-420D9B11B9FC}.Release|Any CPU.Build.0 = Release|Any CPU
	EndGlobalSection
	GlobalSection(SolutionProperties) = preSolution
		HideSolutionNode = FALSE
	EndGlobalSection
	GlobalSection(ExtensibilityGlobals) = postSolution
		SolutionGuid = {F62187FB-E700-4C59-A261-C47E08AD535D}
	EndGlobalSection
EndGlobal
